// !$*UTF8*$!
{
	archiveVersion = 1;
	classes = {
	};
	objectVersion = 48;
	objects = {

/* Begin PBXBuildFile section */
		CE11C2D31FE4B2560035BA81 /* professor.atlas in Resources */ = {isa = PBXBuildFile; fileRef = CE11C2D21FE4B2550035BA81 /* professor.atlas */; };
		CE11C2D51FE4B8D60035BA81 /* StartScene.swift in Sources */ = {isa = PBXBuildFile; fileRef = CE11C2D41FE4B8D60035BA81 /* StartScene.swift */; };
		CE11C2D71FE4B9750035BA81 /* StartScene.sks in Resources */ = {isa = PBXBuildFile; fileRef = CE11C2D61FE4B9750035BA81 /* StartScene.sks */; };
		CE11C2DE1FE4FEFE0035BA81 /* README.md in Resources */ = {isa = PBXBuildFile; fileRef = CE11C2DD1FE4FEFE0035BA81 /* README.md */; };
		CE26A7261FE600C8003F2994 /* PhysicsCategory.swift in Sources */ = {isa = PBXBuildFile; fileRef = CE26A7251FE600C8003F2994 /* PhysicsCategory.swift */; };
		CE26A7281FE609DE003F2994 /* GameOverScene.swift in Sources */ = {isa = PBXBuildFile; fileRef = CE26A7271FE609DE003F2994 /* GameOverScene.swift */; };
		CE26A72A1FE609F2003F2994 /* GameOverScene.sks in Resources */ = {isa = PBXBuildFile; fileRef = CE26A7291FE609F2003F2994 /* GameOverScene.sks */; };
		CE26A72D1FE60DA6003F2994 /* WinScene.swift in Sources */ = {isa = PBXBuildFile; fileRef = CE26A72C1FE60DA6003F2994 /* WinScene.swift */; };
		CE26A72F1FE60DB0003F2994 /* WinScene.sks in Resources */ = {isa = PBXBuildFile; fileRef = CE26A72E1FE60DB0003F2994 /* WinScene.sks */; };
		CEB7A1B91FE3A61200189B77 /* AppDelegate.swift in Sources */ = {isa = PBXBuildFile; fileRef = CEB7A1B81FE3A61200189B77 /* AppDelegate.swift */; };
		CEB7A1BB1FE3A61200189B77 /* GameScene.sks in Resources */ = {isa = PBXBuildFile; fileRef = CEB7A1BA1FE3A61200189B77 /* GameScene.sks */; };
		CEB7A1BD1FE3A61200189B77 /* Actions.sks in Resources */ = {isa = PBXBuildFile; fileRef = CEB7A1BC1FE3A61200189B77 /* Actions.sks */; };
		CEB7A1BF1FE3A61200189B77 /* GameScene.swift in Sources */ = {isa = PBXBuildFile; fileRef = CEB7A1BE1FE3A61200189B77 /* GameScene.swift */; };
		CEB7A1C11FE3A61200189B77 /* GameViewController.swift in Sources */ = {isa = PBXBuildFile; fileRef = CEB7A1C01FE3A61200189B77 /* GameViewController.swift */; };
		CEB7A1C41FE3A61200189B77 /* Main.storyboard in Resources */ = {isa = PBXBuildFile; fileRef = CEB7A1C21FE3A61200189B77 /* Main.storyboard */; };
		CEB7A1C61FE3A61200189B77 /* Assets.xcassets in Resources */ = {isa = PBXBuildFile; fileRef = CEB7A1C51FE3A61200189B77 /* Assets.xcassets */; };
		CEB7A1C91FE3A61200189B77 /* LaunchScreen.storyboard in Resources */ = {isa = PBXBuildFile; fileRef = CEB7A1C71FE3A61200189B77 /* LaunchScreen.storyboard */; };
		CEB7A1D61FE4546E00189B77 /* rudolph.atlas in Resources */ = {isa = PBXBuildFile; fileRef = CEB7A1D51FE4546E00189B77 /* rudolph.atlas */; };
		CED53FBB1FE720FA00D080CE /* professor2.atlas in Resources */ = {isa = PBXBuildFile; fileRef = CED53FBA1FE720FA00D080CE /* professor2.atlas */; };
		CEFDB78F1FE85AAA0013BA3E /* shoot.wav in Resources */ = {isa = PBXBuildFile; fileRef = CEFDB78D1FE85AA90013BA3E /* shoot.wav */; };
		CEFDB7901FE85AAA0013BA3E /* background music.wav in Resources */ = {isa = PBXBuildFile; fileRef = CEFDB78E1FE85AAA0013BA3E /* background music.wav */; };
/* End PBXBuildFile section */

/* Begin PBXFileReference section */
		CE11C2D21FE4B2550035BA81 /* professor.atlas */ = {isa = PBXFileReference; lastKnownFileType = folder.skatlas; path = professor.atlas; sourceTree = "<group>"; };
		CE11C2D41FE4B8D60035BA81 /* StartScene.swift */ = {isa = PBXFileReference; lastKnownFileType = sourcecode.swift; path = StartScene.swift; sourceTree = "<group>"; };
		CE11C2D61FE4B9750035BA81 /* StartScene.sks */ = {isa = PBXFileReference; lastKnownFileType = file.sks; path = StartScene.sks; sourceTree = "<group>"; };
		CE11C2DD1FE4FEFE0035BA81 /* README.md */ = {isa = PBXFileReference; fileEncoding = 4; lastKnownFileType = net.daringfireball.markdown; name = README.md; path = FinalProject/README.md; sourceTree = SOURCE_ROOT; };
		CE26A7251FE600C8003F2994 /* PhysicsCategory.swift */ = {isa = PBXFileReference; lastKnownFileType = sourcecode.swift; path = PhysicsCategory.swift; sourceTree = "<group>"; };
		CE26A7271FE609DE003F2994 /* GameOverScene.swift */ = {isa = PBXFileReference; lastKnownFileType = sourcecode.swift; path = GameOverScene.swift; sourceTree = "<group>"; };
		CE26A7291FE609F2003F2994 /* GameOverScene.sks */ = {isa = PBXFileReference; lastKnownFileType = file.sks; path = GameOverScene.sks; sourceTree = "<group>"; };
		CE26A72C1FE60DA6003F2994 /* WinScene.swift */ = {isa = PBXFileReference; lastKnownFileType = sourcecode.swift; path = WinScene.swift; sourceTree = "<group>"; };
		CE26A72E1FE60DB0003F2994 /* WinScene.sks */ = {isa = PBXFileReference; lastKnownFileType = file.sks; path = WinScene.sks; sourceTree = "<group>"; };
		CEB7A1B51FE3A61200189B77 /* FinalProject.app */ = {isa = PBXFileReference; explicitFileType = wrapper.application; includeInIndex = 0; path = FinalProject.app; sourceTree = BUILT_PRODUCTS_DIR; };
		CEB7A1B81FE3A61200189B77 /* AppDelegate.swift */ = {isa = PBXFileReference; lastKnownFileType = sourcecode.swift; path = AppDelegate.swift; sourceTree = "<group>"; };
		CEB7A1BA1FE3A61200189B77 /* GameScene.sks */ = {isa = PBXFileReference; lastKnownFileType = file.sks; path = GameScene.sks; sourceTree = "<group>"; };
		CEB7A1BC1FE3A61200189B77 /* Actions.sks */ = {isa = PBXFileReference; lastKnownFileType = file.sks; path = Actions.sks; sourceTree = "<group>"; };
		CEB7A1BE1FE3A61200189B77 /* GameScene.swift */ = {isa = PBXFileReference; lastKnownFileType = sourcecode.swift; path = GameScene.swift; sourceTree = "<group>"; };
		CEB7A1C01FE3A61200189B77 /* GameViewController.swift */ = {isa = PBXFileReference; lastKnownFileType = sourcecode.swift; path = GameViewController.swift; sourceTree = "<group>"; };
		CEB7A1C31FE3A61200189B77 /* Base */ = {isa = PBXFileReference; lastKnownFileType = file.storyboard; name = Base; path = Base.lproj/Main.storyboard; sourceTree = "<group>"; };
		CEB7A1C51FE3A61200189B77 /* Assets.xcassets */ = {isa = PBXFileReference; lastKnownFileType = folder.assetcatalog; path = Assets.xcassets; sourceTree = "<group>"; };
		CEB7A1C81FE3A61200189B77 /* Base */ = {isa = PBXFileReference; lastKnownFileType = file.storyboard; name = Base; path = Base.lproj/LaunchScreen.storyboard; sourceTree = "<group>"; };
		CEB7A1CA1FE3A61200189B77 /* Info.plist */ = {isa = PBXFileReference; lastKnownFileType = text.plist.xml; path = Info.plist; sourceTree = "<group>"; };
		CEB7A1D51FE4546E00189B77 /* rudolph.atlas */ = {isa = PBXFileReference; lastKnownFileType = folder.skatlas; path = rudolph.atlas; sourceTree = "<group>"; };
		CED53FBA1FE720FA00D080CE /* professor2.atlas */ = {isa = PBXFileReference; lastKnownFileType = folder.skatlas; path = professor2.atlas; sourceTree = "<group>"; };
		CEFDB78D1FE85AA90013BA3E /* shoot.wav */ = {isa = PBXFileReference; lastKnownFileType = audio.wav; path = shoot.wav; sourceTree = "<group>"; };
		CEFDB78E1FE85AAA0013BA3E /* background music.wav */ = {isa = PBXFileReference; lastKnownFileType = audio.wav; path = "background music.wav"; sourceTree = "<group>"; };
/* End PBXFileReference section */

/* Begin PBXFrameworksBuildPhase section */
		CEB7A1B21FE3A61200189B77 /* Frameworks */ = {
			isa = PBXFrameworksBuildPhase;
			buildActionMask = 2147483647;
			files = (
			);
			runOnlyForDeploymentPostprocessing = 0;
		};
/* End PBXFrameworksBuildPhase section */

/* Begin PBXGroup section */
		CE11C2D81FE4B9B70035BA81 /* Start Menu */ = {
			isa = PBXGroup;
			children = (
				CE11C2D41FE4B8D60035BA81 /* StartScene.swift */,
				CE11C2D61FE4B9750035BA81 /* StartScene.sks */,
			);
			name = "Start Menu";
			sourceTree = "<group>";
		};
		CE11C2D91FE4B9CB0035BA81 /* Scenes */ = {
			isa = PBXGroup;
			children = (
				CE26A7301FE60DB7003F2994 /* Win */,
				CE11C2D81FE4B9B70035BA81 /* Start Menu */,
				CE26A72B1FE609FF003F2994 /* Game Over */,
				CE11C2DA1FE4B9E10035BA81 /* Game */,
			);
			name = Scenes;
			path = "Start Menu";
			sourceTree = "<group>";
		};
		CE11C2DA1FE4B9E10035BA81 /* Game */ = {
			isa = PBXGroup;
			children = (
				CEB7A1BE1FE3A61200189B77 /* GameScene.swift */,
				CEB7A1BA1FE3A61200189B77 /* GameScene.sks */,
			);
			name = Game;
			path = ..;
			sourceTree = "<group>";
		};
		CE11C2DB1FE4BA280035BA81 /* Storyboards */ = {
			isa = PBXGroup;
			children = (
				CE11C2DC1FE4BA380035BA81 /* Main */,
			);
			path = Storyboards;
			sourceTree = "<group>";
		};
		CE11C2DC1FE4BA380035BA81 /* Main */ = {
			isa = PBXGroup;
			children = (
				CEB7A1C21FE3A61200189B77 /* Main.storyboard */,
			);
			path = Main;
			sourceTree = "<group>";
		};
		CE11C2DF1FE4FF080035BA81 /* Readme */ = {
			isa = PBXGroup;
			children = (
				CE11C2DD1FE4FEFE0035BA81 /* README.md */,
			);
			name = Readme;
			sourceTree = "<group>";
		};
		CE11C2E01FE4FF1C0035BA81 /* View Controllers */ = {
			isa = PBXGroup;
			children = (
				CEB7A1C01FE3A61200189B77 /* GameViewController.swift */,
			);
			name = "View Controllers";
			sourceTree = "<group>";
		};
		CE11C2E11FE4FF2C0035BA81 /* Actions */ = {
			isa = PBXGroup;
			children = (
				CEB7A1BC1FE3A61200189B77 /* Actions.sks */,
			);
			name = Actions;
			sourceTree = "<group>";
		};
		CE26A72B1FE609FF003F2994 /* Game Over */ = {
			isa = PBXGroup;
			children = (
				CE26A7271FE609DE003F2994 /* GameOverScene.swift */,
				CE26A7291FE609F2003F2994 /* GameOverScene.sks */,
			);
			name = "Game Over";
			path = ..;
			sourceTree = "<group>";
		};
		CE26A7301FE60DB7003F2994 /* Win */ = {
			isa = PBXGroup;
			children = (
				CE26A72C1FE60DA6003F2994 /* WinScene.swift */,
				CE26A72E1FE60DB0003F2994 /* WinScene.sks */,
			);
			name = Win;
			sourceTree = "<group>";
		};
		CEB7A1AC1FE3A61200189B77 = {
			isa = PBXGroup;
			children = (
				CEB7A1B71FE3A61200189B77 /* FinalProject */,
				CEB7A1B61FE3A61200189B77 /* Products */,
			);
			sourceTree = "<group>";
		};
		CEB7A1B61FE3A61200189B77 /* Products */ = {
			isa = PBXGroup;
			children = (
				CEB7A1B51FE3A61200189B77 /* FinalProject.app */,
			);
			name = Products;
			sourceTree = "<group>";
		};
		CEB7A1B71FE3A61200189B77 /* FinalProject */ = {
			isa = PBXGroup;
			children = (
				CEFDB7911FE85AAF0013BA3E /* Sounds */,
				CEB7A1D01FE3A65200189B77 /* Supporting Files */,
				CEF0840A1FE61713007E4ECE /* Models */,
				CE11C2D91FE4B9CB0035BA81 /* Scenes */,
				CE11C2DB1FE4BA280035BA81 /* Storyboards */,
				CE11C2DF1FE4FF080035BA81 /* Readme */,
				CE11C2E01FE4FF1C0035BA81 /* View Controllers */,
				CE11C2E11FE4FF2C0035BA81 /* Actions */,
				CEB7A1CA1FE3A61200189B77 /* Info.plist */,
				CE11C2D21FE4B2550035BA81 /* professor.atlas */,
				CED53FBA1FE720FA00D080CE /* professor2.atlas */,
				CEB7A1D51FE4546E00189B77 /* rudolph.atlas */,
			);
			path = FinalProject;
			sourceTree = "<group>";
		};
		CEB7A1D01FE3A65200189B77 /* Supporting Files */ = {
			isa = PBXGroup;
			children = (
				CEB7A1C51FE3A61200189B77 /* Assets.xcassets */,
				CEB7A1B81FE3A61200189B77 /* AppDelegate.swift */,
				CEB7A1C71FE3A61200189B77 /* LaunchScreen.storyboard */,
			);
			path = "Supporting Files";
			sourceTree = "<group>";
		};
		CEF0840A1FE61713007E4ECE /* Models */ = {
			isa = PBXGroup;
			children = (
				CE26A7251FE600C8003F2994 /* PhysicsCategory.swift */,
			);
			name = Models;
			sourceTree = "<group>";
		};
		CEFDB7911FE85AAF0013BA3E /* Sounds */ = {
			isa = PBXGroup;
			children = (
				CEFDB78E1FE85AAA0013BA3E /* background music.wav */,
				CEFDB78D1FE85AA90013BA3E /* shoot.wav */,
			);
			name = Sounds;
			sourceTree = "<group>";
		};
/* End PBXGroup section */

/* Begin PBXNativeTarget section */
		CEB7A1B41FE3A61200189B77 /* FinalProject */ = {
			isa = PBXNativeTarget;
			buildConfigurationList = CEB7A1CD1FE3A61200189B77 /* Build configuration list for PBXNativeTarget "FinalProject" */;
			buildPhases = (
				CEB7A1B11FE3A61200189B77 /* Sources */,
				CEB7A1B21FE3A61200189B77 /* Frameworks */,
				CEB7A1B31FE3A61200189B77 /* Resources */,
			);
			buildRules = (
			);
			dependencies = (
			);
			name = FinalProject;
			productName = FinalProject;
			productReference = CEB7A1B51FE3A61200189B77 /* FinalProject.app */;
			productType = "com.apple.product-type.application";
		};
/* End PBXNativeTarget section */

/* Begin PBXProject section */
		CEB7A1AD1FE3A61200189B77 /* Project object */ = {
			isa = PBXProject;
			attributes = {
				LastSwiftUpdateCheck = 0920;
				LastUpgradeCheck = 0920;
				ORGANIZATIONNAME = Victoria;
				TargetAttributes = {
					CEB7A1B41FE3A61200189B77 = {
						CreatedOnToolsVersion = 9.2;
						ProvisioningStyle = Automatic;
					};
				};
			};
			buildConfigurationList = CEB7A1B01FE3A61200189B77 /* Build configuration list for PBXProject "FinalProject" */;
			compatibilityVersion = "Xcode 8.0";
			developmentRegion = en;
			hasScannedForEncodings = 0;
			knownRegions = (
				en,
				Base,
			);
			mainGroup = CEB7A1AC1FE3A61200189B77;
			productRefGroup = CEB7A1B61FE3A61200189B77 /* Products */;
			projectDirPath = "";
			projectRoot = "";
			targets = (
				CEB7A1B41FE3A61200189B77 /* FinalProject */,
			);
		};
/* End PBXProject section */

/* Begin PBXResourcesBuildPhase section */
		CEB7A1B31FE3A61200189B77 /* Resources */ = {
			isa = PBXResourcesBuildPhase;
			buildActionMask = 2147483647;
			files = (
				CE26A72F1FE60DB0003F2994 /* WinScene.sks in Resources */,
				CEFDB7901FE85AAA0013BA3E /* background music.wav in Resources */,
				CEB7A1D61FE4546E00189B77 /* rudolph.atlas in Resources */,
				CEB7A1C41FE3A61200189B77 /* Main.storyboard in Resources */,
				CE11C2D71FE4B9750035BA81 /* StartScene.sks in Resources */,
				CE26A72A1FE609F2003F2994 /* GameOverScene.sks in Resources */,
				CEB7A1BB1FE3A61200189B77 /* GameScene.sks in Resources */,
				CE11C2D31FE4B2560035BA81 /* professor.atlas in Resources */,
				CED53FBB1FE720FA00D080CE /* professor2.atlas in Resources */,
				CEB7A1C61FE3A61200189B77 /* Assets.xcassets in Resources */,
				CEB7A1C91FE3A61200189B77 /* LaunchScreen.storyboard in Resources */,
				CE11C2DE1FE4FEFE0035BA81 /* README.md in Resources */,
				CEFDB78F1FE85AAA0013BA3E /* shoot.wav in Resources */,
				CEB7A1BD1FE3A61200189B77 /* Actions.sks in Resources */,
			);
			runOnlyForDeploymentPostprocessing = 0;
		};
/* End PBXResourcesBuildPhase section */

/* Begin PBXSourcesBuildPhase section */
		CEB7A1B11FE3A61200189B77 /* Sources */ = {
			isa = PBXSourcesBuildPhase;
			buildActionMask = 2147483647;
			files = (
				CEB7A1BF1FE3A61200189B77 /* GameScene.swift in Sources */,
				CE11C2D51FE4B8D60035BA81 /* StartScene.swift in Sources */,
				CE26A7261FE600C8003F2994 /* PhysicsCategory.swift in Sources */,
				CE26A72D1FE60DA6003F2994 /* WinScene.swift in Sources */,
				CEB7A1C11FE3A61200189B77 /* GameViewController.swift in Sources */,
				CE26A7281FE609DE003F2994 /* GameOverScene.swift in Sources */,
				CEB7A1B91FE3A61200189B77 /* AppDelegate.swift in Sources */,
			);
			runOnlyForDeploymentPostprocessing = 0;
		};
/* End PBXSourcesBuildPhase section */

/* Begin PBXVariantGroup section */
		CEB7A1C21FE3A61200189B77 /* Main.storyboard */ = {
			isa = PBXVariantGroup;
			children = (
				CEB7A1C31FE3A61200189B77 /* Base */,
			);
			name = Main.storyboard;
			sourceTree = "<group>";
		};
		CEB7A1C71FE3A61200189B77 /* LaunchScreen.storyboard */ = {
			isa = PBXVariantGroup;
			children = (
				CEB7A1C81FE3A61200189B77 /* Base */,
			);
			name = LaunchScreen.storyboard;
			sourceTree = "<group>";
		};
/* End PBXVariantGroup section */

/* Begin XCBuildConfiguration section */
		CEB7A1CB1FE3A61200189B77 /* Debug */ = {
			isa = XCBuildConfiguration;
			buildSettings = {
				ALWAYS_SEARCH_USER_PATHS = NO;
				CLANG_ANALYZER_NONNULL = YES;
				CLANG_ANALYZER_NUMBER_OBJECT_CONVERSION = YES_AGGRESSIVE;
				CLANG_CXX_LANGUAGE_STANDARD = "gnu++14";
				CLANG_CXX_LIBRARY = "libc++";
				CLANG_ENABLE_MODULES = YES;
				CLANG_ENABLE_OBJC_ARC = YES;
				CLANG_WARN_BLOCK_CAPTURE_AUTORELEASING = YES;
				CLANG_WARN_BOOL_CONVERSION = YES;
				CLANG_WARN_COMMA = YES;
				CLANG_WARN_CONSTANT_CONVERSION = YES;
				CLANG_WARN_DIRECT_OBJC_ISA_USAGE = YES_ERROR;
				CLANG_WARN_DOCUMENTATION_COMMENTS = YES;
				CLANG_WARN_EMPTY_BODY = YES;
				CLANG_WARN_ENUM_CONVERSION = YES;
				CLANG_WARN_INFINITE_RECURSION = YES;
				CLANG_WARN_INT_CONVERSION = YES;
				CLANG_WARN_NON_LITERAL_NULL_CONVERSION = YES;
				CLANG_WARN_OBJC_LITERAL_CONVERSION = YES;
				CLANG_WARN_OBJC_ROOT_CLASS = YES_ERROR;
				CLANG_WARN_RANGE_LOOP_ANALYSIS = YES;
				CLANG_WARN_STRICT_PROTOTYPES = YES;
				CLANG_WARN_SUSPICIOUS_MOVE = YES;
				CLANG_WARN_UNGUARDED_AVAILABILITY = YES_AGGRESSIVE;
				CLANG_WARN_UNREACHABLE_CODE = YES;
				CLANG_WARN__DUPLICATE_METHOD_MATCH = YES;
				CODE_SIGN_IDENTITY = "iPhone Developer";
				COPY_PHASE_STRIP = NO;
				DEBUG_INFORMATION_FORMAT = dwarf;
				ENABLE_STRICT_OBJC_MSGSEND = YES;
				ENABLE_TESTABILITY = YES;
				GCC_C_LANGUAGE_STANDARD = gnu11;
				GCC_DYNAMIC_NO_PIC = NO;
				GCC_NO_COMMON_BLOCKS = YES;
				GCC_OPTIMIZATION_LEVEL = 0;
				GCC_PREPROCESSOR_DEFINITIONS = (
					"DEBUG=1",
					"$(inherited)",
				);
				GCC_WARN_64_TO_32_BIT_CONVERSION = YES;
				GCC_WARN_ABOUT_RETURN_TYPE = YES_ERROR;
				GCC_WARN_UNDECLARED_SELECTOR = YES;
				GCC_WARN_UNINITIALIZED_AUTOS = YES_AGGRESSIVE;
				GCC_WARN_UNUSED_FUNCTION = YES;
				GCC_WARN_UNUSED_VARIABLE = YES;
				IPHONEOS_DEPLOYMENT_TARGET = 11.2;
				MTL_ENABLE_DEBUG_INFO = YES;
				ONLY_ACTIVE_ARCH = YES;
				SDKROOT = iphoneos;
				SWIFT_ACTIVE_COMPILATION_CONDITIONS = DEBUG;
				SWIFT_OPTIMIZATION_LEVEL = "-Onone";
			};
			name = Debug;
		};
		CEB7A1CC1FE3A61200189B77 /* Release */ = {
			isa = XCBuildConfiguration;
			buildSettings = {
				ALWAYS_SEARCH_USER_PATHS = NO;
				CLANG_ANALYZER_NONNULL = YES;
				CLANG_ANALYZER_NUMBER_OBJECT_CONVERSION = YES_AGGRESSIVE;
				CLANG_CXX_LANGUAGE_STANDARD = "gnu++14";
				CLANG_CXX_LIBRARY = "libc++";
				CLANG_ENABLE_MODULES = YES;
				CLANG_ENABLE_OBJC_ARC = YES;
				CLANG_WARN_BLOCK_CAPTURE_AUTORELEASING = YES;
				CLANG_WARN_BOOL_CONVERSION = YES;
				CLANG_WARN_COMMA = YES;
				CLANG_WARN_CONSTANT_CONVERSION = YES;
				CLANG_WARN_DIRECT_OBJC_ISA_USAGE = YES_ERROR;
				CLANG_WARN_DOCUMENTATION_COMMENTS = YES;
				CLANG_WARN_EMPTY_BODY = YES;
				CLANG_WARN_ENUM_CONVERSION = YES;
				CLANG_WARN_INFINITE_RECURSION = YES;
				CLANG_WARN_INT_CONVERSION = YES;
				CLANG_WARN_NON_LITERAL_NULL_CONVERSION = YES;
				CLANG_WARN_OBJC_LITERAL_CONVERSION = YES;
				CLANG_WARN_OBJC_ROOT_CLASS = YES_ERROR;
				CLANG_WARN_RANGE_LOOP_ANALYSIS = YES;
				CLANG_WARN_STRICT_PROTOTYPES = YES;
				CLANG_WARN_SUSPICIOUS_MOVE = YES;
				CLANG_WARN_UNGUARDED_AVAILABILITY = YES_AGGRESSIVE;
				CLANG_WARN_UNREACHABLE_CODE = YES;
				CLANG_WARN__DUPLICATE_METHOD_MATCH = YES;
				CODE_SIGN_IDENTITY = "iPhone Developer";
				COPY_PHASE_STRIP = NO;
				DEBUG_INFORMATION_FORMAT = "dwarf-with-dsym";
				ENABLE_NS_ASSERTIONS = NO;
				ENABLE_STRICT_OBJC_MSGSEND = YES;
				GCC_C_LANGUAGE_STANDARD = gnu11;
				GCC_NO_COMMON_BLOCKS = YES;
				GCC_WARN_64_TO_32_BIT_CONVERSION = YES;
				GCC_WARN_ABOUT_RETURN_TYPE = YES_ERROR;
				GCC_WARN_UNDECLARED_SELECTOR = YES;
				GCC_WARN_UNINITIALIZED_AUTOS = YES_AGGRESSIVE;
				GCC_WARN_UNUSED_FUNCTION = YES;
				GCC_WARN_UNUSED_VARIABLE = YES;
				IPHONEOS_DEPLOYMENT_TARGET = 11.2;
				MTL_ENABLE_DEBUG_INFO = NO;
				SDKROOT = iphoneos;
				SWIFT_OPTIMIZATION_LEVEL = "-Owholemodule";
				VALIDATE_PRODUCT = YES;
			};
			name = Release;
		};
		CEB7A1CE1FE3A61200189B77 /* Debug */ = {
			isa = XCBuildConfiguration;
			buildSettings = {
				ASSETCATALOG_COMPILER_APPICON_NAME = AppIcon;
				CODE_SIGN_STYLE = Automatic;
				INFOPLIST_FILE = FinalProject/Info.plist;
				LD_RUNPATH_SEARCH_PATHS = "$(inherited) @executable_path/Frameworks";
				PRODUCT_BUNDLE_IDENTIFIER = umsl.FinalProject;
				PRODUCT_NAME = "$(TARGET_NAME)";
				SWIFT_VERSION = 4.0;
				TARGETED_DEVICE_FAMILY = "1,2";
			};
			name = Debug;
		};
		CEB7A1CF1FE3A61200189B77 /* Release */ = {
			isa = XCBuildConfiguration;
			buildSettings = {
				ASSETCATALOG_COMPILER_APPICON_NAME = AppIcon;
				CODE_SIGN_STYLE = Automatic;
				INFOPLIST_FILE = FinalProject/Info.plist;
				LD_RUNPATH_SEARCH_PATHS = "$(inherited) @executable_path/Frameworks";
				PRODUCT_BUNDLE_IDENTIFIER = umsl.FinalProject;
				PRODUCT_NAME = "$(TARGET_NAME)";
				SWIFT_VERSION = 4.0;
				TARGETED_DEVICE_FAMILY = "1,2";
			};
			name = Release;
		};
/* End XCBuildConfiguration section */

/* Begin XCConfigurationList section */
		CEB7A1B01FE3A61200189B77 /* Build configuration list for PBXProject "FinalProject" */ = {
			isa = XCConfigurationList;
			buildConfigurations = (
				CEB7A1CB1FE3A61200189B77 /* Debug */,
				CEB7A1CC1FE3A61200189B77 /* Release */,
			);
			defaultConfigurationIsVisible = 0;
			defaultConfigurationName = Release;
		};
		CEB7A1CD1FE3A61200189B77 /* Build configuration list for PBXNativeTarget "FinalProject" */ = {
			isa = XCConfigurationList;
			buildConfigurations = (
				CEB7A1CE1FE3A61200189B77 /* Debug */,
				CEB7A1CF1FE3A61200189B77 /* Release */,
			);
			defaultConfigurationIsVisible = 0;
			defaultConfigurationName = Release;
		};
/* End XCConfigurationList section */
	};
	rootObject = CEB7A1AD1FE3A61200189B77 /* Project object */;
}
